
Microsoft Visual Studio Solution File, Format Version 12.00
# Visual Studio 15
VisualStudioVersion = 15.0.27004.2009
MinimumVisualStudioVersion = 10.0.40219.1
Project("{FAE04EC0-301F-11D3-BF4B-00C04F79EFBC}") = "SignalR", "SignalR\SignalR.csproj", "{A8942DB8-FE54-4F89-8E60-1858FCE916F4}"
EndProject
Global
	GlobalSection(SolutionConfigurationPlatforms) = preSolution
		Debug|Any CPU = Debug|Any CPU
		Release|Any CPU = Release|Any CPU
	EndGlobalSection
	GlobalSection(ProjectConfigurationPlatforms) = postSolution
		{A8942DB8-FE54-4F89-8E60-1858FCE916F4}.Debug|Any CPU.ActiveCfg = Debug|Any CPU
		{A8942DB8-FE54-4F89-8E60-1858FCE916F4}.Debug|Any CPU.Build.0 = Debug|Any CPU
		{A8942DB8-FE54-4F89-8E60-1858FCE916F4}.Release|Any CPU.ActiveCfg = Release|Any CPU
		{A8942DB8-FE54-4F89-8E60-1858FCE916F4}.Release|Any CPU.Build.0 = Release|Any CPU
	EndGlobalSection
	GlobalSection(SolutionProperties) = preSolution
		HideSolutionNode = FALSE
	EndGlobalSection
	GlobalSection(ExtensibilityGlobals) = postSolution
		SolutionGuid = {C220B1B3-5618-4401-8A39-1908E5BE411C}
	EndGlobalSection
EndGlobal
